// !$*UTF8*$!
{
	archiveVersion = 1;
	classes = {
	};
	objectVersion = 56;
	objects = {

/* Begin PBXBuildFile section */
		51E619F52B1CB99900E157E1 /* packageDescription.swift in Sources */ = {isa = PBXBuildFile; fileRef = 51E619F42B1CB99900E157E1 /* packageDescription.swift */; };
		51E61A112B1CC21200E157E1 /* Drinks.swift in Sources */ = {isa = PBXBuildFile; fileRef = 51E61A092B1CC21200E157E1 /* Drinks.swift */; };
		51E61A122B1CC21200E157E1 /* Groups.swift in Sources */ = {isa = PBXBuildFile; fileRef = 51E61A0A2B1CC21200E157E1 /* Groups.swift */; };
		51E61A132B1CC21200E157E1 /* Consumed.swift in Sources */ = {isa = PBXBuildFile; fileRef = 51E61A0B2B1CC21200E157E1 /* Consumed.swift */; };
		51E61A142B1CC21200E157E1 /* configure.swift in Sources */ = {isa = PBXBuildFile; fileRef = 51E61A0C2B1CC21200E157E1 /* configure.swift */; };
		51E61A152B1CC21200E157E1 /* server.swift in Sources */ = {isa = PBXBuildFile; fileRef = 51E61A0D2B1CC21200E157E1 /* server.swift */; };
		51E61A162B1CC21200E157E1 /* server_api.swift in Sources */ = {isa = PBXBuildFile; fileRef = 51E61A0E2B1CC21200E157E1 /* server_api.swift */; };
		51E61A172B1CC21200E157E1 /* fly.toml in Resources */ = {isa = PBXBuildFile; fileRef = 51E61A0F2B1CC21200E157E1 /* fly.toml */; };
		51E61A182B1CC21200E157E1 /* routes.swift in Sources */ = {isa = PBXBuildFile; fileRef = 51E61A102B1CC21200E157E1 /* routes.swift */; };
		9B8903AC2B02B579004D8096 /* Project59App.swift in Sources */ = {isa = PBXBuildFile; fileRef = 9B8903AB2B02B579004D8096 /* Project59App.swift */; };
		9B8903AE2B02B579004D8096 /* ContentView.swift in Sources */ = {isa = PBXBuildFile; fileRef = 9B8903AD2B02B579004D8096 /* ContentView.swift */; };
		9B8903B02B02B57B004D8096 /* Assets.xcassets in Resources */ = {isa = PBXBuildFile; fileRef = 9B8903AF2B02B57B004D8096 /* Assets.xcassets */; };
		9B8903B32B02B57B004D8096 /* Preview Assets.xcassets in Resources */ = {isa = PBXBuildFile; fileRef = 9B8903B22B02B57B004D8096 /* Preview Assets.xcassets */; };
/* End PBXBuildFile section */

/* Begin PBXFileReference section */
		51E619F42B1CB99900E157E1 /* packageDescription.swift */ = {isa = PBXFileReference; lastKnownFileType = sourcecode.swift; path = packageDescription.swift; sourceTree = "<group>"; };
		51E61A092B1CC21200E157E1 /* Drinks.swift */ = {isa = PBXFileReference; fileEncoding = 4; lastKnownFileType = sourcecode.swift; path = Drinks.swift; sourceTree = "<group>"; };
		51E61A0A2B1CC21200E157E1 /* Groups.swift */ = {isa = PBXFileReference; fileEncoding = 4; lastKnownFileType = sourcecode.swift; path = Groups.swift; sourceTree = "<group>"; };
		51E61A0B2B1CC21200E157E1 /* Consumed.swift */ = {isa = PBXFileReference; fileEncoding = 4; lastKnownFileType = sourcecode.swift; path = Consumed.swift; sourceTree = "<group>"; };
		51E61A0C2B1CC21200E157E1 /* configure.swift */ = {isa = PBXFileReference; fileEncoding = 4; lastKnownFileType = sourcecode.swift; path = configure.swift; sourceTree = "<group>"; };
		51E61A0D2B1CC21200E157E1 /* server.swift */ = {isa = PBXFileReference; fileEncoding = 4; lastKnownFileType = sourcecode.swift; path = server.swift; sourceTree = "<group>"; };
		51E61A0E2B1CC21200E157E1 /* server_api.swift */ = {isa = PBXFileReference; fileEncoding = 4; lastKnownFileType = sourcecode.swift; path = server_api.swift; sourceTree = "<group>"; };
		51E61A0F2B1CC21200E157E1 /* fly.toml */ = {isa = PBXFileReference; fileEncoding = 4; lastKnownFileType = text; path = fly.toml; sourceTree = "<group>"; };
		51E61A102B1CC21200E157E1 /* routes.swift */ = {isa = PBXFileReference; fileEncoding = 4; lastKnownFileType = sourcecode.swift; path = routes.swift; sourceTree = "<group>"; };
		9B8903A82B02B579004D8096 /* Project59.app */ = {isa = PBXFileReference; explicitFileType = wrapper.application; includeInIndex = 0; path = Project59.app; sourceTree = BUILT_PRODUCTS_DIR; };
		9B8903AB2B02B579004D8096 /* Project59App.swift */ = {isa = PBXFileReference; lastKnownFileType = sourcecode.swift; path = Project59App.swift; sourceTree = "<group>"; };
		9B8903AD2B02B579004D8096 /* ContentView.swift */ = {isa = PBXFileReference; lastKnownFileType = sourcecode.swift; path = ContentView.swift; sourceTree = "<group>"; };
		9B8903AF2B02B57B004D8096 /* Assets.xcassets */ = {isa = PBXFileReference; lastKnownFileType = folder.assetcatalog; path = Assets.xcassets; sourceTree = "<group>"; };
		9B8903B22B02B57B004D8096 /* Preview Assets.xcassets */ = {isa = PBXFileReference; lastKnownFileType = folder.assetcatalog; path = "Preview Assets.xcassets"; sourceTree = "<group>"; };
/* End PBXFileReference section */

/* Begin PBXFrameworksBuildPhase section */
		9B8903A52B02B579004D8096 /* Frameworks */ = {
			isa = PBXFrameworksBuildPhase;
			buildActionMask = 2147483647;
			files = (
			);
			runOnlyForDeploymentPostprocessing = 0;
		};
/* End PBXFrameworksBuildPhase section */

/* Begin PBXGroup section */
		51E61A072B1CC21200E157E1 /* server */ = {
			isa = PBXGroup;
			children = (
				51E61A082B1CC21200E157E1 /* Database */,
				51E61A0C2B1CC21200E157E1 /* configure.swift */,
				51E61A0D2B1CC21200E157E1 /* server.swift */,
				51E61A0E2B1CC21200E157E1 /* server_api.swift */,
				51E61A102B1CC21200E157E1 /* routes.swift */,
			);
			path = server;
			sourceTree = "<group>";
		};
		51E61A082B1CC21200E157E1 /* Database */ = {
			isa = PBXGroup;
			children = (
				51E61A092B1CC21200E157E1 /* Drinks.swift */,
				51E61A0A2B1CC21200E157E1 /* Groups.swift */,
				51E61A0B2B1CC21200E157E1 /* Consumed.swift */,
			);
			path = Database;
			sourceTree = "<group>";
		};
		9B89039F2B02B579004D8096 = {
			isa = PBXGroup;
			children = (
				9B8903AA2B02B579004D8096 /* Project59 */,
				9B8903A92B02B579004D8096 /* Products */,
			);
			sourceTree = "<group>";
		};
		9B8903A92B02B579004D8096 /* Products */ = {
			isa = PBXGroup;
			children = (
				9B8903A82B02B579004D8096 /* Project59.app */,
			);
			name = Products;
			sourceTree = "<group>";
		};
		9B8903AA2B02B579004D8096 /* Project59 */ = {
			isa = PBXGroup;
			children = (
				51E61A072B1CC21200E157E1 /* server */,
				9B8903AB2B02B579004D8096 /* Project59App.swift */,
				51E61A0F2B1CC21200E157E1 /* fly.toml */,
				9B8903AD2B02B579004D8096 /* ContentView.swift */,
				9B8903AF2B02B57B004D8096 /* Assets.xcassets */,
				9B8903B12B02B57B004D8096 /* Preview Content */,
				51E619F42B1CB99900E157E1 /* packageDescription.swift */,
			);
			path = Project59;
			sourceTree = "<group>";
		};
		9B8903B12B02B57B004D8096 /* Preview Content */ = {
			isa = PBXGroup;
			children = (
				9B8903B22B02B57B004D8096 /* Preview Assets.xcassets */,
			);
			path = "Preview Content";
			sourceTree = "<group>";
		};
/* End PBXGroup section */

/* Begin PBXNativeTarget section */
		9B8903A72B02B579004D8096 /* Project59 */ = {
			isa = PBXNativeTarget;
			buildConfigurationList = 9B8903B62B02B57B004D8096 /* Build configuration list for PBXNativeTarget "Project59" */;
			buildPhases = (
				9B8903A42B02B579004D8096 /* Sources */,
				9B8903A52B02B579004D8096 /* Frameworks */,
				9B8903A62B02B579004D8096 /* Resources */,
			);
			buildRules = (
			);
			dependencies = (
			);
			name = Project59;
			productName = Project59;
			productReference = 9B8903A82B02B579004D8096 /* Project59.app */;
			productType = "com.apple.product-type.application";
		};
/* End PBXNativeTarget section */

/* Begin PBXProject section */
		9B8903A02B02B579004D8096 /* Project object */ = {
			isa = PBXProject;
			attributes = {
				BuildIndependentTargetsInParallel = 1;
				LastSwiftUpdateCheck = 1500;
				LastUpgradeCheck = 1500;
				TargetAttributes = {
					9B8903A72B02B579004D8096 = {
						CreatedOnToolsVersion = 15.0;
					};
				};
			};
			buildConfigurationList = 9B8903A32B02B579004D8096 /* Build configuration list for PBXProject "Project59" */;
			compatibilityVersion = "Xcode 14.0";
			developmentRegion = en;
			hasScannedForEncodings = 0;
			knownRegions = (
				en,
				Base,
			);
			mainGroup = 9B89039F2B02B579004D8096;
			productRefGroup = 9B8903A92B02B579004D8096 /* Products */;
			projectDirPath = "";
			projectRoot = "";
			targets = (
				9B8903A72B02B579004D8096 /* Project59 */,
			);
		};
/* End PBXProject section */

/* Begin PBXResourcesBuildPhase section */
		9B8903A62B02B579004D8096 /* Resources */ = {
			isa = PBXResourcesBuildPhase;
			buildActionMask = 2147483647;
			files = (
				9B8903B32B02B57B004D8096 /* Preview Assets.xcassets in Resources */,
				51E61A172B1CC21200E157E1 /* fly.toml in Resources */,
				9B8903B02B02B57B004D8096 /* Assets.xcassets in Resources */,
			);
			runOnlyForDeploymentPostprocessing = 0;
		};
/* End PBXResourcesBuildPhase section */

/* Begin PBXSourcesBuildPhase section */
		9B8903A42B02B579004D8096 /* Sources */ = {
			isa = PBXSourcesBuildPhase;
			buildActionMask = 2147483647;
			files = (
				9B8903AE2B02B579004D8096 /* ContentView.swift in Sources */,
				51E61A112B1CC21200E157E1 /* Drinks.swift in Sources */,
				9B8903AC2B02B579004D8096 /* Project59App.swift in Sources */,
				51E619F52B1CB99900E157E1 /* packageDescription.swift in Sources */,
				51E61A182B1CC21200E157E1 /* routes.swift in Sources */,
				51E61A142B1CC21200E157E1 /* configure.swift in Sources */,
				51E61A162B1CC21200E157E1 /* server_api.swift in Sources */,
				51E61A152B1CC21200E157E1 /* server.swift in Sources */,
				51E61A132B1CC21200E157E1 /* Consumed.swift in Sources */,
				51E61A122B1CC21200E157E1 /* Groups.swift in Sources */,
			);
			runOnlyForDeploymentPostprocessing = 0;
		};
/* End PBXSourcesBuildPhase section */

/* Begin XCBuildConfiguration section */
		9B8903B42B02B57B004D8096 /* Debug */ = {
			isa = XCBuildConfiguration;
			buildSettings = {
				ALWAYS_SEARCH_USER_PATHS = NO;
				ASSETCATALOG_COMPILER_GENERATE_SWIFT_ASSET_SYMBOL_EXTENSIONS = YES;
				CLANG_ANALYZER_NONNULL = YES;
				CLANG_ANALYZER_NUMBER_OBJECT_CONVERSION = YES_AGGRESSIVE;
				CLANG_CXX_LANGUAGE_STANDARD = "gnu++20";
				CLANG_ENABLE_MODULES = YES;
				CLANG_ENABLE_OBJC_ARC = YES;
				CLANG_ENABLE_OBJC_WEAK = YES;
				CLANG_WARN_BLOCK_CAPTURE_AUTORELEASING = YES;
				CLANG_WARN_BOOL_CONVERSION = YES;
				CLANG_WARN_COMMA = YES;
				CLANG_WARN_CONSTANT_CONVERSION = YES;
				CLANG_WARN_DEPRECATED_OBJC_IMPLEMENTATIONS = YES;
				CLANG_WARN_DIRECT_OBJC_ISA_USAGE = YES_ERROR;
				CLANG_WARN_DOCUMENTATION_COMMENTS = YES;
				CLANG_WARN_EMPTY_BODY = YES;
				CLANG_WARN_ENUM_CONVERSION = YES;
				CLANG_WARN_INFINITE_RECURSION = YES;
				CLANG_WARN_INT_CONVERSION = YES;
				CLANG_WARN_NON_LITERAL_NULL_CONVERSION = YES;
				CLANG_WARN_OBJC_IMPLICIT_RETAIN_SELF = YES;
				CLANG_WARN_OBJC_LITERAL_CONVERSION = YES;
				CLANG_WARN_OBJC_ROOT_CLASS = YES_ERROR;
				CLANG_WARN_QUOTED_INCLUDE_IN_FRAMEWORK_HEADER = YES;
				CLANG_WARN_RANGE_LOOP_ANALYSIS = YES;
				CLANG_WARN_STRICT_PROTOTYPES = YES;
				CLANG_WARN_SUSPICIOUS_MOVE = YES;
				CLANG_WARN_UNGUARDED_AVAILABILITY = YES_AGGRESSIVE;
				CLANG_WARN_UNREACHABLE_CODE = YES;
				CLANG_WARN__DUPLICATE_METHOD_MATCH = YES;
				COPY_PHASE_STRIP = NO;
				DEBUG_INFORMATION_FORMAT = dwarf;
				ENABLE_STRICT_OBJC_MSGSEND = YES;
				ENABLE_TESTABILITY = YES;
				ENABLE_USER_SCRIPT_SANDBOXING = YES;
				GCC_C_LANGUAGE_STANDARD = gnu17;
				GCC_DYNAMIC_NO_PIC = NO;
				GCC_NO_COMMON_BLOCKS = YES;
				GCC_OPTIMIZATION_LEVEL = 0;
				GCC_PREPROCESSOR_DEFINITIONS = (
					"DEBUG=1",
					"$(inherited)",
				);
				GCC_WARN_64_TO_32_BIT_CONVERSION = YES;
				GCC_WARN_ABOUT_RETURN_TYPE = YES_ERROR;
				GCC_WARN_UNDECLARED_SELECTOR = YES;
				GCC_WARN_UNINITIALIZED_AUTOS = YES_AGGRESSIVE;
				GCC_WARN_UNUSED_FUNCTION = YES;
				GCC_WARN_UNUSED_VARIABLE = YES;
				IPHONEOS_DEPLOYMENT_TARGET = 17.0;
				LOCALIZATION_PREFERS_STRING_CATALOGS = YES;
				MTL_ENABLE_DEBUG_INFO = INCLUDE_SOURCE;
				MTL_FAST_MATH = YES;
				ONLY_ACTIVE_ARCH = YES;
				SDKROOT = iphoneos;
				SWIFT_ACTIVE_COMPILATION_CONDITIONS = "DEBUG $(inherited)";
				SWIFT_OPTIMIZATION_LEVEL = "-Onone";
			};
			name = Debug;
		};
		9B8903B52B02B57B004D8096 /* Release */ = {
			isa = XCBuildConfiguration;
			buildSettings = {
				ALWAYS_SEARCH_USER_PATHS = NO;
				ASSETCATALOG_COMPILER_GENERATE_SWIFT_ASSET_SYMBOL_EXTENSIONS = YES;
				CLANG_ANALYZER_NONNULL = YES;
				CLANG_ANALYZER_NUMBER_OBJECT_CONVERSION = YES_AGGRESSIVE;
				CLANG_CXX_LANGUAGE_STANDARD = "gnu++20";
				CLANG_ENABLE_MODULES = YES;
				CLANG_ENABLE_OBJC_ARC = YES;
				CLANG_ENABLE_OBJC_WEAK = YES;
				CLANG_WARN_BLOCK_CAPTURE_AUTORELEASING = YES;
				CLANG_WARN_BOOL_CONVERSION = YES;
				CLANG_WARN_COMMA = YES;
				CLANG_WARN_CONSTANT_CONVERSION = YES;
				CLANG_WARN_DEPRECATED_OBJC_IMPLEMENTATIONS = YES;
				CLANG_WARN_DIRECT_OBJC_ISA_USAGE = YES_ERROR;
				CLANG_WARN_DOCUMENTATION_COMMENTS = YES;
				CLANG_WARN_EMPTY_BODY = YES;
				CLANG_WARN_ENUM_CONVERSION = YES;
				CLANG_WARN_INFINITE_RECURSION = YES;
				CLANG_WARN_INT_CONVERSION = YES;
				CLANG_WARN_NON_LITERAL_NULL_CONVERSION = YES;
				CLANG_WARN_OBJC_IMPLICIT_RETAIN_SELF = YES;
				CLANG_WARN_OBJC_LITERAL_CONVERSION = YES;
				CLANG_WARN_OBJC_ROOT_CLASS = YES_ERROR;
				CLANG_WARN_QUOTED_INCLUDE_IN_FRAMEWORK_HEADER = YES;
				CLANG_WARN_RANGE_LOOP_ANALYSIS = YES;
				CLANG_WARN_STRICT_PROTOTYPES = YES;
				CLANG_WARN_SUSPICIOUS_MOVE = YES;
				CLANG_WARN_UNGUARDED_AVAILABILITY = YES_AGGRESSIVE;
				CLANG_WARN_UNREACHABLE_CODE = YES;
				CLANG_WARN__DUPLICATE_METHOD_MATCH = YES;
				COPY_PHASE_STRIP = NO;
				DEBUG_INFORMATION_FORMAT = "dwarf-with-dsym";
				ENABLE_NS_ASSERTIONS = NO;
				ENABLE_STRICT_OBJC_MSGSEND = YES;
				ENABLE_USER_SCRIPT_SANDBOXING = YES;
				GCC_C_LANGUAGE_STANDARD = gnu17;
				GCC_NO_COMMON_BLOCKS = YES;
				GCC_WARN_64_TO_32_BIT_CONVERSION = YES;
				GCC_WARN_ABOUT_RETURN_TYPE = YES_ERROR;
				GCC_WARN_UNDECLARED_SELECTOR = YES;
				GCC_WARN_UNINITIALIZED_AUTOS = YES_AGGRESSIVE;
				GCC_WARN_UNUSED_FUNCTION = YES;
				GCC_WARN_UNUSED_VARIABLE = YES;
				IPHONEOS_DEPLOYMENT_TARGET = 17.0;
				LOCALIZATION_PREFERS_STRING_CATALOGS = YES;
				MTL_ENABLE_DEBUG_INFO = NO;
				MTL_FAST_MATH = YES;
				SDKROOT = iphoneos;
				SWIFT_COMPILATION_MODE = wholemodule;
				VALIDATE_PRODUCT = YES;
			};
			name = Release;
		};
		9B8903B72B02B57B004D8096 /* Debug */ = {
			isa = XCBuildConfiguration;
			buildSettings = {
				ASSETCATALOG_COMPILER_APPICON_NAME = AppIcon;
				ASSETCATALOG_COMPILER_GLOBAL_ACCENT_COLOR_NAME = AccentColor;
				CODE_SIGN_STYLE = Automatic;
				CURRENT_PROJECT_VERSION = 1;
				DEVELOPMENT_ASSET_PATHS = "\"Project59/Preview Content\"";
				ENABLE_PREVIEWS = YES;
				GENERATE_INFOPLIST_FILE = YES;
				INFOPLIST_KEY_UIApplicationSceneManifest_Generation = YES;
				INFOPLIST_KEY_UIApplicationSupportsIndirectInputEvents = YES;
				INFOPLIST_KEY_UILaunchScreen_Generation = YES;
				INFOPLIST_KEY_UISupportedInterfaceOrientations_iPad = "UIInterfaceOrientationPortrait UIInterfaceOrientationPortraitUpsideDown UIInterfaceOrientationLandscapeLeft UIInterfaceOrientationLandscapeRight";
				INFOPLIST_KEY_UISupportedInterfaceOrientations_iPhone = "UIInterfaceOrientationPortrait UIInterfaceOrientationLandscapeLeft UIInterfaceOrientationLandscapeRight";
				LD_RUNPATH_SEARCH_PATHS = (
					"$(inherited)",
					"@executable_path/Frameworks",
				);
				MARKETING_VERSION = 1.0;
				PRODUCT_BUNDLE_IDENTIFIER = com.project59.app.Project59;
				PRODUCT_NAME = "$(TARGET_NAME)";
				SWIFT_EMIT_LOC_STRINGS = YES;
				SWIFT_VERSION = 5.0;
				TARGETED_DEVICE_FAMILY = "1,2";
			};
			name = Debug;
		};
		9B8903B82B02B57B004D8096 /* Release */ = {
			isa = XCBuildConfiguration;
			buildSettings = {
				ASSETCATALOG_COMPILER_APPICON_NAME = AppIcon;
				ASSETCATALOG_COMPILER_GLOBAL_ACCENT_COLOR_NAME = AccentColor;
				CODE_SIGN_STYLE = Automatic;
				CURRENT_PROJECT_VERSION = 1;
				DEVELOPMENT_ASSET_PATHS = "\"Project59/Preview Content\"";
				ENABLE_PREVIEWS = YES;
				GENERATE_INFOPLIST_FILE = YES;
				INFOPLIST_KEY_UIApplicationSceneManifest_Generation = YES;
				INFOPLIST_KEY_UIApplicationSupportsIndirectInputEvents = YES;
				INFOPLIST_KEY_UILaunchScreen_Generation = YES;
				INFOPLIST_KEY_UISupportedInterfaceOrientations_iPad = "UIInterfaceOrientationPortrait UIInterfaceOrientationPortraitUpsideDown UIInterfaceOrientationLandscapeLeft UIInterfaceOrientationLandscapeRight";
				INFOPLIST_KEY_UISupportedInterfaceOrientations_iPhone = "UIInterfaceOrientationPortrait UIInterfaceOrientationLandscapeLeft UIInterfaceOrientationLandscapeRight";
				LD_RUNPATH_SEARCH_PATHS = (
					"$(inherited)",
					"@executable_path/Frameworks",
				);
				MARKETING_VERSION = 1.0;
				PRODUCT_BUNDLE_IDENTIFIER = com.project59.app.Project59;
				PRODUCT_NAME = "$(TARGET_NAME)";
				SWIFT_EMIT_LOC_STRINGS = YES;
				SWIFT_VERSION = 5.0;
				TARGETED_DEVICE_FAMILY = "1,2";
			};
			name = Release;
		};
/* End XCBuildConfiguration section */

/* Begin XCConfigurationList section */
		9B8903A32B02B579004D8096 /* Build configuration list for PBXProject "Project59" */ = {
			isa = XCConfigurationList;
			buildConfigurations = (
				9B8903B42B02B57B004D8096 /* Debug */,
				9B8903B52B02B57B004D8096 /* Release */,
			);
			defaultConfigurationIsVisible = 0;
			defaultConfigurationName = Release;
		};
		9B8903B62B02B57B004D8096 /* Build configuration list for PBXNativeTarget "Project59" */ = {
			isa = XCConfigurationList;
			buildConfigurations = (
				9B8903B72B02B57B004D8096 /* Debug */,
				9B8903B82B02B57B004D8096 /* Release */,
			);
			defaultConfigurationIsVisible = 0;
			defaultConfigurationName = Release;
		};
/* End XCConfigurationList section */
	};
	rootObject = 9B8903A02B02B579004D8096 /* Project object */;
}
