// !$*UTF8*$!
{
	archiveVersion = 1;
	classes = {
	};
	objectVersion = 56;
	objects = {

/* Begin PBXBuildFile section */
		9B03F0A82B2A2B8000363BEB /* UserStats.swift in Sources */ = {isa = PBXBuildFile; fileRef = 9B03F0A72B2A2B8000363BEB /* UserStats.swift */; };
		9B223EF32B2606E60002491B /* Networking.swift in Sources */ = {isa = PBXBuildFile; fileRef = 9B223EF22B2606E60002491B /* Networking.swift */; };
		9B223EF52B2607400002491B /* NetworkingModels.swift in Sources */ = {isa = PBXBuildFile; fileRef = 9B223EF42B2607400002491B /* NetworkingModels.swift */; };
		9B3CAC422B23117A0076606A /* UserSettings.swift in Sources */ = {isa = PBXBuildFile; fileRef = 9B3CAC412B23117A0076606A /* UserSettings.swift */; };
		9B570BEC2B2DD7FB00F0345B /* ConsumeDrinkView.swift in Sources */ = {isa = PBXBuildFile; fileRef = 9B570BEB2B2DD7FB00F0345B /* ConsumeDrinkView.swift */; };
		9B595CBD2B0BE1EB00D8E8D2 /* UserSettingsView.swift in Sources */ = {isa = PBXBuildFile; fileRef = 9B595CBC2B0BE1EB00D8E8D2 /* UserSettingsView.swift */; };
		9B595CBF2B0BE1FF00D8E8D2 /* RankingListView.swift in Sources */ = {isa = PBXBuildFile; fileRef = 9B595CBE2B0BE1FF00D8E8D2 /* RankingListView.swift */; };
		9B595CC12B0BE23500D8E8D2 /* ConsumeView.swift in Sources */ = {isa = PBXBuildFile; fileRef = 9B595CC02B0BE23500D8E8D2 /* ConsumeView.swift */; };
		9B595CC32B0BE27F00D8E8D2 /* GroupSettingsView.swift in Sources */ = {isa = PBXBuildFile; fileRef = 9B595CC22B0BE27F00D8E8D2 /* GroupSettingsView.swift */; };
		9B6F0F582B278877004B57C6 /* DrinkSettingsView.swift in Sources */ = {isa = PBXBuildFile; fileRef = 9B6F0F572B278877004B57C6 /* DrinkSettingsView.swift */; };
		9B8903AC2B02B579004D8096 /* Project59App.swift in Sources */ = {isa = PBXBuildFile; fileRef = 9B8903AB2B02B579004D8096 /* Project59App.swift */; };
		9B8903AE2B02B579004D8096 /* ContentView.swift in Sources */ = {isa = PBXBuildFile; fileRef = 9B8903AD2B02B579004D8096 /* ContentView.swift */; };
		9B8903B02B02B57B004D8096 /* Assets.xcassets in Resources */ = {isa = PBXBuildFile; fileRef = 9B8903AF2B02B57B004D8096 /* Assets.xcassets */; };
		9B8903B32B02B57B004D8096 /* Preview Assets.xcassets in Resources */ = {isa = PBXBuildFile; fileRef = 9B8903B22B02B57B004D8096 /* Preview Assets.xcassets */; };
/* End PBXBuildFile section */

/* Begin PBXFileReference section */
		9B03F0A72B2A2B8000363BEB /* UserStats.swift */ = {isa = PBXFileReference; lastKnownFileType = sourcecode.swift; path = UserStats.swift; sourceTree = "<group>"; };
		9B223EF22B2606E60002491B /* Networking.swift */ = {isa = PBXFileReference; lastKnownFileType = sourcecode.swift; path = Networking.swift; sourceTree = "<group>"; };
		9B223EF42B2607400002491B /* NetworkingModels.swift */ = {isa = PBXFileReference; lastKnownFileType = sourcecode.swift; path = NetworkingModels.swift; sourceTree = "<group>"; };
		9B3CAC412B23117A0076606A /* UserSettings.swift */ = {isa = PBXFileReference; lastKnownFileType = sourcecode.swift; path = UserSettings.swift; sourceTree = "<group>"; };
		9B570BEB2B2DD7FB00F0345B /* ConsumeDrinkView.swift */ = {isa = PBXFileReference; lastKnownFileType = sourcecode.swift; path = ConsumeDrinkView.swift; sourceTree = "<group>"; };
		9B595CBC2B0BE1EB00D8E8D2 /* UserSettingsView.swift */ = {isa = PBXFileReference; lastKnownFileType = sourcecode.swift; path = UserSettingsView.swift; sourceTree = "<group>"; };
		9B595CBE2B0BE1FF00D8E8D2 /* RankingListView.swift */ = {isa = PBXFileReference; lastKnownFileType = sourcecode.swift; path = RankingListView.swift; sourceTree = "<group>"; };
		9B595CC02B0BE23500D8E8D2 /* ConsumeView.swift */ = {isa = PBXFileReference; lastKnownFileType = sourcecode.swift; path = ConsumeView.swift; sourceTree = "<group>"; };
		9B595CC22B0BE27F00D8E8D2 /* GroupSettingsView.swift */ = {isa = PBXFileReference; lastKnownFileType = sourcecode.swift; path = GroupSettingsView.swift; sourceTree = "<group>"; };
		9B6F0F572B278877004B57C6 /* DrinkSettingsView.swift */ = {isa = PBXFileReference; lastKnownFileType = sourcecode.swift; path = DrinkSettingsView.swift; sourceTree = "<group>"; };
		9B8903A82B02B579004D8096 /* Project59.app */ = {isa = PBXFileReference; explicitFileType = wrapper.application; includeInIndex = 0; path = Project59.app; sourceTree = BUILT_PRODUCTS_DIR; };
		9B8903AB2B02B579004D8096 /* Project59App.swift */ = {isa = PBXFileReference; lastKnownFileType = sourcecode.swift; path = Project59App.swift; sourceTree = "<group>"; };
		9B8903AD2B02B579004D8096 /* ContentView.swift */ = {isa = PBXFileReference; lastKnownFileType = sourcecode.swift; path = ContentView.swift; sourceTree = "<group>"; };
		9B8903AF2B02B57B004D8096 /* Assets.xcassets */ = {isa = PBXFileReference; lastKnownFileType = folder.assetcatalog; path = Assets.xcassets; sourceTree = "<group>"; };
		9B8903B22B02B57B004D8096 /* Preview Assets.xcassets */ = {isa = PBXFileReference; lastKnownFileType = folder.assetcatalog; path = "Preview Assets.xcassets"; sourceTree = "<group>"; };
/* End PBXFileReference section */

/* Begin PBXFrameworksBuildPhase section */
		9B8903A52B02B579004D8096 /* Frameworks */ = {
			isa = PBXFrameworksBuildPhase;
			buildActionMask = 2147483647;
			files = (
			);
			runOnlyForDeploymentPostprocessing = 0;
		};
/* End PBXFrameworksBuildPhase section */

/* Begin PBXGroup section */
		9B223EF12B2606D80002491B /* Network */ = {
			isa = PBXGroup;
			children = (
				9B223EF22B2606E60002491B /* Networking.swift */,
				9B223EF42B2607400002491B /* NetworkingModels.swift */,
			);
			path = Network;
			sourceTree = "<group>";
		};
		9B89039F2B02B579004D8096 = {
			isa = PBXGroup;
			children = (
				9B8903AA2B02B579004D8096 /* Project59 */,
				9B8903A92B02B579004D8096 /* Products */,
			);
			sourceTree = "<group>";
		};
		9B8903A92B02B579004D8096 /* Products */ = {
			isa = PBXGroup;
			children = (
				9B8903A82B02B579004D8096 /* Project59.app */,
			);
			name = Products;
			sourceTree = "<group>";
		};
		9B8903AA2B02B579004D8096 /* Project59 */ = {
			isa = PBXGroup;
			children = (
				9B223EF12B2606D80002491B /* Network */,
				9B8903AB2B02B579004D8096 /* Project59App.swift */,
				9B8903AD2B02B579004D8096 /* ContentView.swift */,
				9B8903AF2B02B57B004D8096 /* Assets.xcassets */,
				9B8903B12B02B57B004D8096 /* Preview Content */,
				9B595CBC2B0BE1EB00D8E8D2 /* UserSettingsView.swift */,
				9B595CBE2B0BE1FF00D8E8D2 /* RankingListView.swift */,
				9B595CC02B0BE23500D8E8D2 /* ConsumeView.swift */,
				9B595CC22B0BE27F00D8E8D2 /* GroupSettingsView.swift */,
				9B3CAC412B23117A0076606A /* UserSettings.swift */,
				9B6F0F572B278877004B57C6 /* DrinkSettingsView.swift */,
				9B03F0A72B2A2B8000363BEB /* UserStats.swift */,
				9B570BEB2B2DD7FB00F0345B /* ConsumeDrinkView.swift */,
			);
			path = Project59;
			sourceTree = "<group>";
		};
		9B8903B12B02B57B004D8096 /* Preview Content */ = {
			isa = PBXGroup;
			children = (
				9B8903B22B02B57B004D8096 /* Preview Assets.xcassets */,
			);
			path = "Preview Content";
			sourceTree = "<group>";
		};
/* End PBXGroup section */

/* Begin PBXNativeTarget section */
		9B8903A72B02B579004D8096 /* Project59 */ = {
			isa = PBXNativeTarget;
			buildConfigurationList = 9B8903B62B02B57B004D8096 /* Build configuration list for PBXNativeTarget "Project59" */;
			buildPhases = (
				9B8903A42B02B579004D8096 /* Sources */,
				9B8903A52B02B579004D8096 /* Frameworks */,
				9B8903A62B02B579004D8096 /* Resources */,
			);
			buildRules = (
			);
			dependencies = (
			);
			name = Project59;
			productName = Project59;
			productReference = 9B8903A82B02B579004D8096 /* Project59.app */;
			productType = "com.apple.product-type.application";
		};
/* End PBXNativeTarget section */

/* Begin PBXProject section */
		9B8903A02B02B579004D8096 /* Project object */ = {
			isa = PBXProject;
			attributes = {
				BuildIndependentTargetsInParallel = 1;
				LastSwiftUpdateCheck = 1500;
				LastUpgradeCheck = 1500;
				TargetAttributes = {
					9B8903A72B02B579004D8096 = {
						CreatedOnToolsVersion = 15.0;
					};
				};
			};
			buildConfigurationList = 9B8903A32B02B579004D8096 /* Build configuration list for PBXProject "Project59" */;
			compatibilityVersion = "Xcode 14.0";
			developmentRegion = en;
			hasScannedForEncodings = 0;
			knownRegions = (
				en,
				Base,
			);
			mainGroup = 9B89039F2B02B579004D8096;
			productRefGroup = 9B8903A92B02B579004D8096 /* Products */;
			projectDirPath = "";
			projectRoot = "";
			targets = (
				9B8903A72B02B579004D8096 /* Project59 */,
			);
		};
/* End PBXProject section */

/* Begin PBXResourcesBuildPhase section */
		9B8903A62B02B579004D8096 /* Resources */ = {
			isa = PBXResourcesBuildPhase;
			buildActionMask = 2147483647;
			files = (
				9B8903B32B02B57B004D8096 /* Preview Assets.xcassets in Resources */,
				9B8903B02B02B57B004D8096 /* Assets.xcassets in Resources */,
			);
			runOnlyForDeploymentPostprocessing = 0;
		};
/* End PBXResourcesBuildPhase section */

/* Begin PBXSourcesBuildPhase section */
		9B8903A42B02B579004D8096 /* Sources */ = {
			isa = PBXSourcesBuildPhase;
			buildActionMask = 2147483647;
			files = (
				9B595CC12B0BE23500D8E8D2 /* ConsumeView.swift in Sources */,
				9B223EF52B2607400002491B /* NetworkingModels.swift in Sources */,
				9B03F0A82B2A2B8000363BEB /* UserStats.swift in Sources */,
				9B223EF32B2606E60002491B /* Networking.swift in Sources */,
				9B595CC32B0BE27F00D8E8D2 /* GroupSettingsView.swift in Sources */,
				9B3CAC422B23117A0076606A /* UserSettings.swift in Sources */,
				9B6F0F582B278877004B57C6 /* DrinkSettingsView.swift in Sources */,
				9B595CBD2B0BE1EB00D8E8D2 /* UserSettingsView.swift in Sources */,
				9B595CBF2B0BE1FF00D8E8D2 /* RankingListView.swift in Sources */,
				9B8903AE2B02B579004D8096 /* ContentView.swift in Sources */,
				9B570BEC2B2DD7FB00F0345B /* ConsumeDrinkView.swift in Sources */,
				9B8903AC2B02B579004D8096 /* Project59App.swift in Sources */,
			);
			runOnlyForDeploymentPostprocessing = 0;
		};
/* End PBXSourcesBuildPhase section */

/* Begin XCBuildConfiguration section */
		9B8903B42B02B57B004D8096 /* Debug */ = {
			isa = XCBuildConfiguration;
			buildSettings = {
				ALWAYS_SEARCH_USER_PATHS = NO;
				ASSETCATALOG_COMPILER_GENERATE_SWIFT_ASSET_SYMBOL_EXTENSIONS = YES;
				CLANG_ANALYZER_NONNULL = YES;
				CLANG_ANALYZER_NUMBER_OBJECT_CONVERSION = YES_AGGRESSIVE;
				CLANG_CXX_LANGUAGE_STANDARD = "gnu++20";
				CLANG_ENABLE_MODULES = YES;
				CLANG_ENABLE_OBJC_ARC = YES;
				CLANG_ENABLE_OBJC_WEAK = YES;
				CLANG_WARN_BLOCK_CAPTURE_AUTORELEASING = YES;
				CLANG_WARN_BOOL_CONVERSION = YES;
				CLANG_WARN_COMMA = YES;
				CLANG_WARN_CONSTANT_CONVERSION = YES;
				CLANG_WARN_DEPRECATED_OBJC_IMPLEMENTATIONS = YES;
				CLANG_WARN_DIRECT_OBJC_ISA_USAGE = YES_ERROR;
				CLANG_WARN_DOCUMENTATION_COMMENTS = YES;
				CLANG_WARN_EMPTY_BODY = YES;
				CLANG_WARN_ENUM_CONVERSION = YES;
				CLANG_WARN_INFINITE_RECURSION = YES;
				CLANG_WARN_INT_CONVERSION = YES;
				CLANG_WARN_NON_LITERAL_NULL_CONVERSION = YES;
				CLANG_WARN_OBJC_IMPLICIT_RETAIN_SELF = YES;
				CLANG_WARN_OBJC_LITERAL_CONVERSION = YES;
				CLANG_WARN_OBJC_ROOT_CLASS = YES_ERROR;
				CLANG_WARN_QUOTED_INCLUDE_IN_FRAMEWORK_HEADER = YES;
				CLANG_WARN_RANGE_LOOP_ANALYSIS = YES;
				CLANG_WARN_STRICT_PROTOTYPES = YES;
				CLANG_WARN_SUSPICIOUS_MOVE = YES;
				CLANG_WARN_UNGUARDED_AVAILABILITY = YES_AGGRESSIVE;
				CLANG_WARN_UNREACHABLE_CODE = YES;
				CLANG_WARN__DUPLICATE_METHOD_MATCH = YES;
				COPY_PHASE_STRIP = NO;
				DEBUG_INFORMATION_FORMAT = dwarf;
				ENABLE_STRICT_OBJC_MSGSEND = YES;
				ENABLE_TESTABILITY = YES;
				ENABLE_USER_SCRIPT_SANDBOXING = YES;
				GCC_C_LANGUAGE_STANDARD = gnu17;
				GCC_DYNAMIC_NO_PIC = NO;
				GCC_NO_COMMON_BLOCKS = YES;
				GCC_OPTIMIZATION_LEVEL = 0;
				GCC_PREPROCESSOR_DEFINITIONS = (
					"DEBUG=1",
					"$(inherited)",
				);
				GCC_WARN_64_TO_32_BIT_CONVERSION = YES;
				GCC_WARN_ABOUT_RETURN_TYPE = YES_ERROR;
				GCC_WARN_UNDECLARED_SELECTOR = YES;
				GCC_WARN_UNINITIALIZED_AUTOS = YES_AGGRESSIVE;
				GCC_WARN_UNUSED_FUNCTION = YES;
				GCC_WARN_UNUSED_VARIABLE = YES;
				IPHONEOS_DEPLOYMENT_TARGET = 17.0;
				LOCALIZATION_PREFERS_STRING_CATALOGS = YES;
				MTL_ENABLE_DEBUG_INFO = INCLUDE_SOURCE;
				MTL_FAST_MATH = YES;
				ONLY_ACTIVE_ARCH = YES;
				SDKROOT = iphoneos;
				SWIFT_ACTIVE_COMPILATION_CONDITIONS = "DEBUG $(inherited)";
				SWIFT_OPTIMIZATION_LEVEL = "-Onone";
			};
			name = Debug;
		};
		9B8903B52B02B57B004D8096 /* Release */ = {
			isa = XCBuildConfiguration;
			buildSettings = {
				ALWAYS_SEARCH_USER_PATHS = NO;
				ASSETCATALOG_COMPILER_GENERATE_SWIFT_ASSET_SYMBOL_EXTENSIONS = YES;
				CLANG_ANALYZER_NONNULL = YES;
				CLANG_ANALYZER_NUMBER_OBJECT_CONVERSION = YES_AGGRESSIVE;
				CLANG_CXX_LANGUAGE_STANDARD = "gnu++20";
				CLANG_ENABLE_MODULES = YES;
				CLANG_ENABLE_OBJC_ARC = YES;
				CLANG_ENABLE_OBJC_WEAK = YES;
				CLANG_WARN_BLOCK_CAPTURE_AUTORELEASING = YES;
				CLANG_WARN_BOOL_CONVERSION = YES;
				CLANG_WARN_COMMA = YES;
				CLANG_WARN_CONSTANT_CONVERSION = YES;
				CLANG_WARN_DEPRECATED_OBJC_IMPLEMENTATIONS = YES;
				CLANG_WARN_DIRECT_OBJC_ISA_USAGE = YES_ERROR;
				CLANG_WARN_DOCUMENTATION_COMMENTS = YES;
				CLANG_WARN_EMPTY_BODY = YES;
				CLANG_WARN_ENUM_CONVERSION = YES;
				CLANG_WARN_INFINITE_RECURSION = YES;
				CLANG_WARN_INT_CONVERSION = YES;
				CLANG_WARN_NON_LITERAL_NULL_CONVERSION = YES;
				CLANG_WARN_OBJC_IMPLICIT_RETAIN_SELF = YES;
				CLANG_WARN_OBJC_LITERAL_CONVERSION = YES;
				CLANG_WARN_OBJC_ROOT_CLASS = YES_ERROR;
				CLANG_WARN_QUOTED_INCLUDE_IN_FRAMEWORK_HEADER = YES;
				CLANG_WARN_RANGE_LOOP_ANALYSIS = YES;
				CLANG_WARN_STRICT_PROTOTYPES = YES;
				CLANG_WARN_SUSPICIOUS_MOVE = YES;
				CLANG_WARN_UNGUARDED_AVAILABILITY = YES_AGGRESSIVE;
				CLANG_WARN_UNREACHABLE_CODE = YES;
				CLANG_WARN__DUPLICATE_METHOD_MATCH = YES;
				COPY_PHASE_STRIP = NO;
				DEBUG_INFORMATION_FORMAT = "dwarf-with-dsym";
				ENABLE_NS_ASSERTIONS = NO;
				ENABLE_STRICT_OBJC_MSGSEND = YES;
				ENABLE_USER_SCRIPT_SANDBOXING = YES;
				GCC_C_LANGUAGE_STANDARD = gnu17;
				GCC_NO_COMMON_BLOCKS = YES;
				GCC_WARN_64_TO_32_BIT_CONVERSION = YES;
				GCC_WARN_ABOUT_RETURN_TYPE = YES_ERROR;
				GCC_WARN_UNDECLARED_SELECTOR = YES;
				GCC_WARN_UNINITIALIZED_AUTOS = YES_AGGRESSIVE;
				GCC_WARN_UNUSED_FUNCTION = YES;
				GCC_WARN_UNUSED_VARIABLE = YES;
				IPHONEOS_DEPLOYMENT_TARGET = 17.0;
				LOCALIZATION_PREFERS_STRING_CATALOGS = YES;
				MTL_ENABLE_DEBUG_INFO = NO;
				MTL_FAST_MATH = YES;
				SDKROOT = iphoneos;
				SWIFT_COMPILATION_MODE = wholemodule;
				VALIDATE_PRODUCT = YES;
			};
			name = Release;
		};
		9B8903B72B02B57B004D8096 /* Debug */ = {
			isa = XCBuildConfiguration;
			buildSettings = {
				ASSETCATALOG_COMPILER_APPICON_NAME = AppIcon;
				ASSETCATALOG_COMPILER_GLOBAL_ACCENT_COLOR_NAME = AccentColor;
				CODE_SIGN_IDENTITY = "Apple Development";
				CODE_SIGN_STYLE = Automatic;
				CURRENT_PROJECT_VERSION = 1;
				DEVELOPMENT_ASSET_PATHS = "\"Project59/Preview Content\"";
				DEVELOPMENT_TEAM = 3VDJ85HDR2;
				ENABLE_PREVIEWS = YES;
				GENERATE_INFOPLIST_FILE = YES;
				INFOPLIST_FILE = Project59/Info.plist;
				INFOPLIST_KEY_UIApplicationSceneManifest_Generation = YES;
				INFOPLIST_KEY_UIApplicationSupportsIndirectInputEvents = YES;
				INFOPLIST_KEY_UILaunchScreen_Generation = YES;
				INFOPLIST_KEY_UISupportedInterfaceOrientations_iPad = "UIInterfaceOrientationPortrait UIInterfaceOrientationPortraitUpsideDown UIInterfaceOrientationLandscapeLeft UIInterfaceOrientationLandscapeRight";
				INFOPLIST_KEY_UISupportedInterfaceOrientations_iPhone = "UIInterfaceOrientationPortrait UIInterfaceOrientationLandscapeLeft UIInterfaceOrientationLandscapeRight";
				LD_RUNPATH_SEARCH_PATHS = (
					"$(inherited)",
					"@executable_path/Frameworks",
				);
				MARKETING_VERSION = 1.0;
				PRODUCT_BUNDLE_IDENTIFIER = me.App342435k;
				PRODUCT_NAME = "$(TARGET_NAME)";
				PROVISIONING_PROFILE_SPECIFIER = "";
				SWIFT_EMIT_LOC_STRINGS = YES;
				SWIFT_VERSION = 5.0;
				TARGETED_DEVICE_FAMILY = 1;
			};
			name = Debug;
		};
		9B8903B82B02B57B004D8096 /* Release */ = {
			isa = XCBuildConfiguration;
			buildSettings = {
				ASSETCATALOG_COMPILER_APPICON_NAME = AppIcon;
				ASSETCATALOG_COMPILER_GLOBAL_ACCENT_COLOR_NAME = AccentColor;
				CODE_SIGN_IDENTITY = "Apple Development";
				CODE_SIGN_STYLE = Automatic;
				CURRENT_PROJECT_VERSION = 1;
				DEVELOPMENT_ASSET_PATHS = "\"Project59/Preview Content\"";
				DEVELOPMENT_TEAM = 3VDJ85HDR2;
				ENABLE_PREVIEWS = YES;
				GENERATE_INFOPLIST_FILE = YES;
				INFOPLIST_FILE = Project59/Info.plist;
				INFOPLIST_KEY_UIApplicationSceneManifest_Generation = YES;
				INFOPLIST_KEY_UIApplicationSupportsIndirectInputEvents = YES;
				INFOPLIST_KEY_UILaunchScreen_Generation = YES;
				INFOPLIST_KEY_UISupportedInterfaceOrientations_iPad = "UIInterfaceOrientationPortrait UIInterfaceOrientationPortraitUpsideDown UIInterfaceOrientationLandscapeLeft UIInterfaceOrientationLandscapeRight";
				INFOPLIST_KEY_UISupportedInterfaceOrientations_iPhone = "UIInterfaceOrientationPortrait UIInterfaceOrientationLandscapeLeft UIInterfaceOrientationLandscapeRight";
				LD_RUNPATH_SEARCH_PATHS = (
					"$(inherited)",
					"@executable_path/Frameworks",
				);
				MARKETING_VERSION = 1.0;
				PRODUCT_BUNDLE_IDENTIFIER = me.App342435k;
				PRODUCT_NAME = "$(TARGET_NAME)";
				PROVISIONING_PROFILE_SPECIFIER = "";
				SWIFT_EMIT_LOC_STRINGS = YES;
				SWIFT_VERSION = 5.0;
				TARGETED_DEVICE_FAMILY = 1;
			};
			name = Release;
		};
/* End XCBuildConfiguration section */

/* Begin XCConfigurationList section */
		9B8903A32B02B579004D8096 /* Build configuration list for PBXProject "Project59" */ = {
			isa = XCConfigurationList;
			buildConfigurations = (
				9B8903B42B02B57B004D8096 /* Debug */,
				9B8903B52B02B57B004D8096 /* Release */,
			);
			defaultConfigurationIsVisible = 0;
			defaultConfigurationName = Release;
		};
		9B8903B62B02B57B004D8096 /* Build configuration list for PBXNativeTarget "Project59" */ = {
			isa = XCConfigurationList;
			buildConfigurations = (
				9B8903B72B02B57B004D8096 /* Debug */,
				9B8903B82B02B57B004D8096 /* Release */,
			);
			defaultConfigurationIsVisible = 0;
			defaultConfigurationName = Release;
		};
/* End XCConfigurationList section */
	};
	rootObject = 9B8903A02B02B579004D8096 /* Project object */;
}
